hash: 091172322a91db4d4219f40952f581ec14ad6679735e6e7249d9809109a71b80
updated: 2016-04-14T16:16:57.273710555+03:00
imports:
- name: github.com/DATA-DOG/go-sqlmock
  version: f191e8603617b8de5cff91e17997d5eada180133
- name: github.com/fractalcat/nagiosplugin
  version: fb8f18bacd884a35878d9173b906bb6ac0a98d61
- name: github.com/go-sql-driver/mysql
  version: 7ebe0a500653eeb1859664bed5e48dec1e164e73
- name: github.com/lib/pq
  version: 3cd0097429be7d611bb644ef85b42bfb102ceea4
  subpackages:
  - oid
- name: github.com/sergi/go-diff
  version: ec7fdbb58eb3e300c8595ad5ac74a5aa50019cc7
  subpackages:
  - diffmatchpatch
- name: gopkg.in/yaml.v2
  version: a83829b6f1293c91addabc89d0571c246397bbf4
devImports: []
